// !$*UTF8*$!
{
	archiveVersion = 1;
	classes = {
	};
	objectVersion = 56;
	objects = {

/* Begin PBXBuildFile section */
		3B89B0182B20C6140000F939 /* AppDelegate.swift in Sources */ = {isa = PBXBuildFile; fileRef = 3B89B0172B20C6140000F939 /* AppDelegate.swift */; };
		3B89B01A2B20C6140000F939 /* SceneDelegate.swift in Sources */ = {isa = PBXBuildFile; fileRef = 3B89B0192B20C6140000F939 /* SceneDelegate.swift */; };
		3B89B01C2B20C6140000F939 /* ViewController.swift in Sources */ = {isa = PBXBuildFile; fileRef = 3B89B01B2B20C6140000F939 /* ViewController.swift */; };
		3B89B01F2B20C6140000F939 /* Main.storyboard in Resources */ = {isa = PBXBuildFile; fileRef = 3B89B01D2B20C6140000F939 /* Main.storyboard */; };
		3B89B0222B20C6140000F939 /* speedGame_Kaiser.xcdatamodeld in Sources */ = {isa = PBXBuildFile; fileRef = 3B89B0202B20C6140000F939 /* speedGame_Kaiser.xcdatamodeld */; };
		3B89B0242B20C6150000F939 /* Assets.xcassets in Resources */ = {isa = PBXBuildFile; fileRef = 3B89B0232B20C6150000F939 /* Assets.xcassets */; };
		3B89B0272B20C6150000F939 /* LaunchScreen.storyboard in Resources */ = {isa = PBXBuildFile; fileRef = 3B89B0252B20C6150000F939 /* LaunchScreen.storyboard */; };
		3B89B0322B20C6150000F939 /* speedGame_KaiserTests.swift in Sources */ = {isa = PBXBuildFile; fileRef = 3B89B0312B20C6150000F939 /* speedGame_KaiserTests.swift */; };
		3B89B03C2B20C6150000F939 /* speedGame_KaiserUITests.swift in Sources */ = {isa = PBXBuildFile; fileRef = 3B89B03B2B20C6150000F939 /* speedGame_KaiserUITests.swift */; };
		3B89B03E2B20C6150000F939 /* speedGame_KaiserUITestsLaunchTests.swift in Sources */ = {isa = PBXBuildFile; fileRef = 3B89B03D2B20C6150000F939 /* speedGame_KaiserUITestsLaunchTests.swift */; };
/* End PBXBuildFile section */

/* Begin PBXContainerItemProxy section */
		3B89B02E2B20C6150000F939 /* PBXContainerItemProxy */ = {
			isa = PBXContainerItemProxy;
			containerPortal = 3B89B00C2B20C6140000F939 /* Project object */;
			proxyType = 1;
			remoteGlobalIDString = 3B89B0132B20C6140000F939;
			remoteInfo = speedGame_Kaiser;
		};
		3B89B0382B20C6150000F939 /* PBXContainerItemProxy */ = {
			isa = PBXContainerItemProxy;
			containerPortal = 3B89B00C2B20C6140000F939 /* Project object */;
			proxyType = 1;
			remoteGlobalIDString = 3B89B0132B20C6140000F939;
			remoteInfo = speedGame_Kaiser;
		};
/* End PBXContainerItemProxy section */

/* Begin PBXFileReference section */
		3B89B0142B20C6140000F939 /* speedGame_Kaiser.app */ = {isa = PBXFileReference; explicitFileType = wrapper.application; includeInIndex = 0; path = speedGame_Kaiser.app; sourceTree = BUILT_PRODUCTS_DIR; };
		3B89B0172B20C6140000F939 /* AppDelegate.swift */ = {isa = PBXFileReference; lastKnownFileType = sourcecode.swift; path = AppDelegate.swift; sourceTree = "<group>"; };
		3B89B0192B20C6140000F939 /* SceneDelegate.swift */ = {isa = PBXFileReference; lastKnownFileType = sourcecode.swift; path = SceneDelegate.swift; sourceTree = "<group>"; };
		3B89B01B2B20C6140000F939 /* ViewController.swift */ = {isa = PBXFileReference; lastKnownFileType = sourcecode.swift; path = ViewController.swift; sourceTree = "<group>"; };
		3B89B01E2B20C6140000F939 /* Base */ = {isa = PBXFileReference; lastKnownFileType = file.storyboard; name = Base; path = Base.lproj/Main.storyboard; sourceTree = "<group>"; };
		3B89B0212B20C6140000F939 /* speedGame_Kaiser.xcdatamodel */ = {isa = PBXFileReference; lastKnownFileType = wrapper.xcdatamodel; path = speedGame_Kaiser.xcdatamodel; sourceTree = "<group>"; };
		3B89B0232B20C6150000F939 /* Assets.xcassets */ = {isa = PBXFileReference; lastKnownFileType = folder.assetcatalog; path = Assets.xcassets; sourceTree = "<group>"; };
		3B89B0262B20C6150000F939 /* Base */ = {isa = PBXFileReference; lastKnownFileType = file.storyboard; name = Base; path = Base.lproj/LaunchScreen.storyboard; sourceTree = "<group>"; };
		3B89B0282B20C6150000F939 /* Info.plist */ = {isa = PBXFileReference; lastKnownFileType = text.plist.xml; path = Info.plist; sourceTree = "<group>"; };
		3B89B02D2B20C6150000F939 /* speedGame_KaiserTests.xctest */ = {isa = PBXFileReference; explicitFileType = wrapper.cfbundle; includeInIndex = 0; path = speedGame_KaiserTests.xctest; sourceTree = BUILT_PRODUCTS_DIR; };
		3B89B0312B20C6150000F939 /* speedGame_KaiserTests.swift */ = {isa = PBXFileReference; lastKnownFileType = sourcecode.swift; path = speedGame_KaiserTests.swift; sourceTree = "<group>"; };
		3B89B0372B20C6150000F939 /* speedGame_KaiserUITests.xctest */ = {isa = PBXFileReference; explicitFileType = wrapper.cfbundle; includeInIndex = 0; path = speedGame_KaiserUITests.xctest; sourceTree = BUILT_PRODUCTS_DIR; };
		3B89B03B2B20C6150000F939 /* speedGame_KaiserUITests.swift */ = {isa = PBXFileReference; lastKnownFileType = sourcecode.swift; path = speedGame_KaiserUITests.swift; sourceTree = "<group>"; };
		3B89B03D2B20C6150000F939 /* speedGame_KaiserUITestsLaunchTests.swift */ = {isa = PBXFileReference; lastKnownFileType = sourcecode.swift; path = speedGame_KaiserUITestsLaunchTests.swift; sourceTree = "<group>"; };
/* End PBXFileReference section */

/* Begin PBXFrameworksBuildPhase section */
		3B89B0112B20C6140000F939 /* Frameworks */ = {
			isa = PBXFrameworksBuildPhase;
			buildActionMask = 2147483647;
			files = (
			);
			runOnlyForDeploymentPostprocessing = 0;
		};
		3B89B02A2B20C6150000F939 /* Frameworks */ = {
			isa = PBXFrameworksBuildPhase;
			buildActionMask = 2147483647;
			files = (
			);
			runOnlyForDeploymentPostprocessing = 0;
		};
		3B89B0342B20C6150000F939 /* Frameworks */ = {
			isa = PBXFrameworksBuildPhase;
			buildActionMask = 2147483647;
			files = (
			);
			runOnlyForDeploymentPostprocessing = 0;
		};
/* End PBXFrameworksBuildPhase section */

/* Begin PBXGroup section */
		3B89B00B2B20C6140000F939 = {
			isa = PBXGroup;
			children = (
				3B89B0162B20C6140000F939 /* speedGame_Kaiser */,
				3B89B0302B20C6150000F939 /* speedGame_KaiserTests */,
				3B89B03A2B20C6150000F939 /* speedGame_KaiserUITests */,
				3B89B0152B20C6140000F939 /* Products */,
			);
			sourceTree = "<group>";
		};
		3B89B0152B20C6140000F939 /* Products */ = {
			isa = PBXGroup;
			children = (
				3B89B0142B20C6140000F939 /* speedGame_Kaiser.app */,
				3B89B02D2B20C6150000F939 /* speedGame_KaiserTests.xctest */,
				3B89B0372B20C6150000F939 /* speedGame_KaiserUITests.xctest */,
			);
			name = Products;
			sourceTree = "<group>";
		};
		3B89B0162B20C6140000F939 /* speedGame_Kaiser */ = {
			isa = PBXGroup;
			children = (
				3B89B0172B20C6140000F939 /* AppDelegate.swift */,
				3B89B0192B20C6140000F939 /* SceneDelegate.swift */,
				3B89B01B2B20C6140000F939 /* ViewController.swift */,
				3B89B01D2B20C6140000F939 /* Main.storyboard */,
				3B89B0232B20C6150000F939 /* Assets.xcassets */,
				3B89B0252B20C6150000F939 /* LaunchScreen.storyboard */,
				3B89B0282B20C6150000F939 /* Info.plist */,
				3B89B0202B20C6140000F939 /* speedGame_Kaiser.xcdatamodeld */,
			);
			path = speedGame_Kaiser;
			sourceTree = "<group>";
		};
		3B89B0302B20C6150000F939 /* speedGame_KaiserTests */ = {
			isa = PBXGroup;
			children = (
				3B89B0312B20C6150000F939 /* speedGame_KaiserTests.swift */,
			);
			path = speedGame_KaiserTests;
			sourceTree = "<group>";
		};
		3B89B03A2B20C6150000F939 /* speedGame_KaiserUITests */ = {
			isa = PBXGroup;
			children = (
				3B89B03B2B20C6150000F939 /* speedGame_KaiserUITests.swift */,
				3B89B03D2B20C6150000F939 /* speedGame_KaiserUITestsLaunchTests.swift */,
			);
			path = speedGame_KaiserUITests;
			sourceTree = "<group>";
		};
/* End PBXGroup section */

/* Begin PBXNativeTarget section */
		3B89B0132B20C6140000F939 /* speedGame_Kaiser */ = {
			isa = PBXNativeTarget;
			buildConfigurationList = 3B89B0412B20C6150000F939 /* Build configuration list for PBXNativeTarget "speedGame_Kaiser" */;
			buildPhases = (
				3B89B0102B20C6140000F939 /* Sources */,
				3B89B0112B20C6140000F939 /* Frameworks */,
				3B89B0122B20C6140000F939 /* Resources */,
			);
			buildRules = (
			);
			dependencies = (
			);
			name = speedGame_Kaiser;
			productName = speedGame_Kaiser;
			productReference = 3B89B0142B20C6140000F939 /* speedGame_Kaiser.app */;
			productType = "com.apple.product-type.application";
		};
		3B89B02C2B20C6150000F939 /* speedGame_KaiserTests */ = {
			isa = PBXNativeTarget;
			buildConfigurationList = 3B89B0442B20C6150000F939 /* Build configuration list for PBXNativeTarget "speedGame_KaiserTests" */;
			buildPhases = (
				3B89B0292B20C6150000F939 /* Sources */,
				3B89B02A2B20C6150000F939 /* Frameworks */,
				3B89B02B2B20C6150000F939 /* Resources */,
			);
			buildRules = (
			);
			dependencies = (
				3B89B02F2B20C6150000F939 /* PBXTargetDependency */,
			);
			name = speedGame_KaiserTests;
			productName = speedGame_KaiserTests;
			productReference = 3B89B02D2B20C6150000F939 /* speedGame_KaiserTests.xctest */;
			productType = "com.apple.product-type.bundle.unit-test";
		};
		3B89B0362B20C6150000F939 /* speedGame_KaiserUITests */ = {
			isa = PBXNativeTarget;
			buildConfigurationList = 3B89B0472B20C6150000F939 /* Build configuration list for PBXNativeTarget "speedGame_KaiserUITests" */;
			buildPhases = (
				3B89B0332B20C6150000F939 /* Sources */,
				3B89B0342B20C6150000F939 /* Frameworks */,
				3B89B0352B20C6150000F939 /* Resources */,
			);
			buildRules = (
			);
			dependencies = (
				3B89B0392B20C6150000F939 /* PBXTargetDependency */,
			);
			name = speedGame_KaiserUITests;
			productName = speedGame_KaiserUITests;
			productReference = 3B89B0372B20C6150000F939 /* speedGame_KaiserUITests.xctest */;
			productType = "com.apple.product-type.bundle.ui-testing";
		};
/* End PBXNativeTarget section */

/* Begin PBXProject section */
		3B89B00C2B20C6140000F939 /* Project object */ = {
			isa = PBXProject;
			attributes = {
				BuildIndependentTargetsInParallel = 1;
				LastSwiftUpdateCheck = 1430;
				LastUpgradeCheck = 1430;
				TargetAttributes = {
					3B89B0132B20C6140000F939 = {
						CreatedOnToolsVersion = 14.3.1;
					};
					3B89B02C2B20C6150000F939 = {
						CreatedOnToolsVersion = 14.3.1;
						TestTargetID = 3B89B0132B20C6140000F939;
					};
					3B89B0362B20C6150000F939 = {
						CreatedOnToolsVersion = 14.3.1;
						TestTargetID = 3B89B0132B20C6140000F939;
					};
				};
			};
			buildConfigurationList = 3B89B00F2B20C6140000F939 /* Build configuration list for PBXProject "speedGame_Kaiser" */;
			compatibilityVersion = "Xcode 14.0";
			developmentRegion = en;
			hasScannedForEncodings = 0;
			knownRegions = (
				en,
				Base,
			);
			mainGroup = 3B89B00B2B20C6140000F939;
			productRefGroup = 3B89B0152B20C6140000F939 /* Products */;
			projectDirPath = "";
			projectRoot = "";
			targets = (
				3B89B0132B20C6140000F939 /* speedGame_Kaiser */,
				3B89B02C2B20C6150000F939 /* speedGame_KaiserTests */,
				3B89B0362B20C6150000F939 /* speedGame_KaiserUITests */,
			);
		};
/* End PBXProject section */

/* Begin PBXResourcesBuildPhase section */
		3B89B0122B20C6140000F939 /* Resources */ = {
			isa = PBXResourcesBuildPhase;
			buildActionMask = 2147483647;
			files = (
				3B89B0272B20C6150000F939 /* LaunchScreen.storyboard in Resources */,
				3B89B0242B20C6150000F939 /* Assets.xcassets in Resources */,
				3B89B01F2B20C6140000F939 /* Main.storyboard in Resources */,
			);
			runOnlyForDeploymentPostprocessing = 0;
		};
		3B89B02B2B20C6150000F939 /* Resources */ = {
			isa = PBXResourcesBuildPhase;
			buildActionMask = 2147483647;
			files = (
			);
			runOnlyForDeploymentPostprocessing = 0;
		};
		3B89B0352B20C6150000F939 /* Resources */ = {
			isa = PBXResourcesBuildPhase;
			buildActionMask = 2147483647;
			files = (
			);
			runOnlyForDeploymentPostprocessing = 0;
		};
/* End PBXResourcesBuildPhase section */

/* Begin PBXSourcesBuildPhase section */
		3B89B0102B20C6140000F939 /* Sources */ = {
			isa = PBXSourcesBuildPhase;
			buildActionMask = 2147483647;
			files = (
				3B89B01C2B20C6140000F939 /* ViewController.swift in Sources */,
				3B89B0182B20C6140000F939 /* AppDelegate.swift in Sources */,
				3B89B0222B20C6140000F939 /* speedGame_Kaiser.xcdatamodeld in Sources */,
				3B89B01A2B20C6140000F939 /* SceneDelegate.swift in Sources */,
			);
			runOnlyForDeploymentPostprocessing = 0;
		};
		3B89B0292B20C6150000F939 /* Sources */ = {
			isa = PBXSourcesBuildPhase;
			buildActionMask = 2147483647;
			files = (
				3B89B0322B20C6150000F939 /* speedGame_KaiserTests.swift in Sources */,
			);
			runOnlyForDeploymentPostprocessing = 0;
		};
		3B89B0332B20C6150000F939 /* Sources */ = {
			isa = PBXSourcesBuildPhase;
			buildActionMask = 2147483647;
			files = (
				3B89B03C2B20C6150000F939 /* speedGame_KaiserUITests.swift in Sources */,
				3B89B03E2B20C6150000F939 /* speedGame_KaiserUITestsLaunchTests.swift in Sources */,
			);
			runOnlyForDeploymentPostprocessing = 0;
		};
/* End PBXSourcesBuildPhase section */

/* Begin PBXTargetDependency section */
		3B89B02F2B20C6150000F939 /* PBXTargetDependency */ = {
			isa = PBXTargetDependency;
			target = 3B89B0132B20C6140000F939 /* speedGame_Kaiser */;
			targetProxy = 3B89B02E2B20C6150000F939 /* PBXContainerItemProxy */;
		};
		3B89B0392B20C6150000F939 /* PBXTargetDependency */ = {
			isa = PBXTargetDependency;
			target = 3B89B0132B20C6140000F939 /* speedGame_Kaiser */;
			targetProxy = 3B89B0382B20C6150000F939 /* PBXContainerItemProxy */;
		};
/* End PBXTargetDependency section */

/* Begin PBXVariantGroup section */
		3B89B01D2B20C6140000F939 /* Main.storyboard */ = {
			isa = PBXVariantGroup;
			children = (
				3B89B01E2B20C6140000F939 /* Base */,
			);
			name = Main.storyboard;
			sourceTree = "<group>";
		};
		3B89B0252B20C6150000F939 /* LaunchScreen.storyboard */ = {
			isa = PBXVariantGroup;
			children = (
				3B89B0262B20C6150000F939 /* Base */,
			);
			name = LaunchScreen.storyboard;
			sourceTree = "<group>";
		};
/* End PBXVariantGroup section */

/* Begin XCBuildConfiguration section */
		3B89B03F2B20C6150000F939 /* Debug */ = {
			isa = XCBuildConfiguration;
			buildSettings = {
				ALWAYS_SEARCH_USER_PATHS = NO;
				CLANG_ANALYZER_NONNULL = YES;
				CLANG_ANALYZER_NUMBER_OBJECT_CONVERSION = YES_AGGRESSIVE;
				CLANG_CXX_LANGUAGE_STANDARD = "gnu++20";
				CLANG_ENABLE_MODULES = YES;
				CLANG_ENABLE_OBJC_ARC = YES;
				CLANG_ENABLE_OBJC_WEAK = YES;
				CLANG_WARN_BLOCK_CAPTURE_AUTORELEASING = YES;
				CLANG_WARN_BOOL_CONVERSION = YES;
				CLANG_WARN_COMMA = YES;
				CLANG_WARN_CONSTANT_CONVERSION = YES;
				CLANG_WARN_DEPRECATED_OBJC_IMPLEMENTATIONS = YES;
				CLANG_WARN_DIRECT_OBJC_ISA_USAGE = YES_ERROR;
				CLANG_WARN_DOCUMENTATION_COMMENTS = YES;
				CLANG_WARN_EMPTY_BODY = YES;
				CLANG_WARN_ENUM_CONVERSION = YES;
				CLANG_WARN_INFINITE_RECURSION = YES;
				CLANG_WARN_INT_CONVERSION = YES;
				CLANG_WARN_NON_LITERAL_NULL_CONVERSION = YES;
				CLANG_WARN_OBJC_IMPLICIT_RETAIN_SELF = YES;
				CLANG_WARN_OBJC_LITERAL_CONVERSION = YES;
				CLANG_WARN_OBJC_ROOT_CLASS = YES_ERROR;
				CLANG_WARN_QUOTED_INCLUDE_IN_FRAMEWORK_HEADER = YES;
				CLANG_WARN_RANGE_LOOP_ANALYSIS = YES;
				CLANG_WARN_STRICT_PROTOTYPES = YES;
				CLANG_WARN_SUSPICIOUS_MOVE = YES;
				CLANG_WARN_UNGUARDED_AVAILABILITY = YES_AGGRESSIVE;
				CLANG_WARN_UNREACHABLE_CODE = YES;
				CLANG_WARN__DUPLICATE_METHOD_MATCH = YES;
				COPY_PHASE_STRIP = NO;
				DEBUG_INFORMATION_FORMAT = dwarf;
				ENABLE_STRICT_OBJC_MSGSEND = YES;
				ENABLE_TESTABILITY = YES;
				GCC_C_LANGUAGE_STANDARD = gnu11;
				GCC_DYNAMIC_NO_PIC = NO;
				GCC_NO_COMMON_BLOCKS = YES;
				GCC_OPTIMIZATION_LEVEL = 0;
				GCC_PREPROCESSOR_DEFINITIONS = (
					"DEBUG=1",
					"$(inherited)",
				);
				GCC_WARN_64_TO_32_BIT_CONVERSION = YES;
				GCC_WARN_ABOUT_RETURN_TYPE = YES_ERROR;
				GCC_WARN_UNDECLARED_SELECTOR = YES;
				GCC_WARN_UNINITIALIZED_AUTOS = YES_AGGRESSIVE;
				GCC_WARN_UNUSED_FUNCTION = YES;
				GCC_WARN_UNUSED_VARIABLE = YES;
				IPHONEOS_DEPLOYMENT_TARGET = 16.4;
				MTL_ENABLE_DEBUG_INFO = INCLUDE_SOURCE;
				MTL_FAST_MATH = YES;
				ONLY_ACTIVE_ARCH = YES;
				SDKROOT = iphoneos;
				SWIFT_ACTIVE_COMPILATION_CONDITIONS = DEBUG;
				SWIFT_OPTIMIZATION_LEVEL = "-Onone";
			};
			name = Debug;
		};
		3B89B0402B20C6150000F939 /* Release */ = {
			isa = XCBuildConfiguration;
			buildSettings = {
				ALWAYS_SEARCH_USER_PATHS = NO;
				CLANG_ANALYZER_NONNULL = YES;
				CLANG_ANALYZER_NUMBER_OBJECT_CONVERSION = YES_AGGRESSIVE;
				CLANG_CXX_LANGUAGE_STANDARD = "gnu++20";
				CLANG_ENABLE_MODULES = YES;
				CLANG_ENABLE_OBJC_ARC = YES;
				CLANG_ENABLE_OBJC_WEAK = YES;
				CLANG_WARN_BLOCK_CAPTURE_AUTORELEASING = YES;
				CLANG_WARN_BOOL_CONVERSION = YES;
				CLANG_WARN_COMMA = YES;
				CLANG_WARN_CONSTANT_CONVERSION = YES;
				CLANG_WARN_DEPRECATED_OBJC_IMPLEMENTATIONS = YES;
				CLANG_WARN_DIRECT_OBJC_ISA_USAGE = YES_ERROR;
				CLANG_WARN_DOCUMENTATION_COMMENTS = YES;
				CLANG_WARN_EMPTY_BODY = YES;
				CLANG_WARN_ENUM_CONVERSION = YES;
				CLANG_WARN_INFINITE_RECURSION = YES;
				CLANG_WARN_INT_CONVERSION = YES;
				CLANG_WARN_NON_LITERAL_NULL_CONVERSION = YES;
				CLANG_WARN_OBJC_IMPLICIT_RETAIN_SELF = YES;
				CLANG_WARN_OBJC_LITERAL_CONVERSION = YES;
				CLANG_WARN_OBJC_ROOT_CLASS = YES_ERROR;
				CLANG_WARN_QUOTED_INCLUDE_IN_FRAMEWORK_HEADER = YES;
				CLANG_WARN_RANGE_LOOP_ANALYSIS = YES;
				CLANG_WARN_STRICT_PROTOTYPES = YES;
				CLANG_WARN_SUSPICIOUS_MOVE = YES;
				CLANG_WARN_UNGUARDED_AVAILABILITY = YES_AGGRESSIVE;
				CLANG_WARN_UNREACHABLE_CODE = YES;
				CLANG_WARN__DUPLICATE_METHOD_MATCH = YES;
				COPY_PHASE_STRIP = NO;
				DEBUG_INFORMATION_FORMAT = "dwarf-with-dsym";
				ENABLE_NS_ASSERTIONS = NO;
				ENABLE_STRICT_OBJC_MSGSEND = YES;
				GCC_C_LANGUAGE_STANDARD = gnu11;
				GCC_NO_COMMON_BLOCKS = YES;
				GCC_WARN_64_TO_32_BIT_CONVERSION = YES;
				GCC_WARN_ABOUT_RETURN_TYPE = YES_ERROR;
				GCC_WARN_UNDECLARED_SELECTOR = YES;
				GCC_WARN_UNINITIALIZED_AUTOS = YES_AGGRESSIVE;
				GCC_WARN_UNUSED_FUNCTION = YES;
				GCC_WARN_UNUSED_VARIABLE = YES;
				IPHONEOS_DEPLOYMENT_TARGET = 16.4;
				MTL_ENABLE_DEBUG_INFO = NO;
				MTL_FAST_MATH = YES;
				SDKROOT = iphoneos;
				SWIFT_COMPILATION_MODE = wholemodule;
				SWIFT_OPTIMIZATION_LEVEL = "-O";
				VALIDATE_PRODUCT = YES;
			};
			name = Release;
		};
		3B89B0422B20C6150000F939 /* Debug */ = {
			isa = XCBuildConfiguration;
			buildSettings = {
				ASSETCATALOG_COMPILER_APPICON_NAME = AppIcon;
				ASSETCATALOG_COMPILER_GLOBAL_ACCENT_COLOR_NAME = AccentColor;
				CODE_SIGN_STYLE = Automatic;
				CURRENT_PROJECT_VERSION = 1;
				DEVELOPMENT_TEAM = A67NH8S3S6;
				GENERATE_INFOPLIST_FILE = YES;
				INFOPLIST_FILE = speedGame_Kaiser/Info.plist;
				INFOPLIST_KEY_UIApplicationSupportsIndirectInputEvents = YES;
				INFOPLIST_KEY_UILaunchStoryboardName = LaunchScreen;
				INFOPLIST_KEY_UIMainStoryboardFile = Main;
				INFOPLIST_KEY_UISupportedInterfaceOrientations_iPad = "UIInterfaceOrientationPortrait UIInterfaceOrientationPortraitUpsideDown UIInterfaceOrientationLandscapeLeft UIInterfaceOrientationLandscapeRight";
				INFOPLIST_KEY_UISupportedInterfaceOrientations_iPhone = "UIInterfaceOrientationPortrait UIInterfaceOrientationLandscapeLeft UIInterfaceOrientationLandscapeRight";
				LD_RUNPATH_SEARCH_PATHS = (
					"$(inherited)",
					"@executable_path/Frameworks",
				);
				MARKETING_VERSION = 1.0;
				PRODUCT_BUNDLE_IDENTIFIER = "clc.speedGame-Kaiser";
				PRODUCT_NAME = "$(TARGET_NAME)";
				SWIFT_EMIT_LOC_STRINGS = YES;
				SWIFT_VERSION = 5.0;
				TARGETED_DEVICE_FAMILY = "1,2";
			};
			name = Debug;
		};
		3B89B0432B20C6150000F939 /* Release */ = {
			isa = XCBuildConfiguration;
			buildSettings = {
				ASSETCATALOG_COMPILER_APPICON_NAME = AppIcon;
				ASSETCATALOG_COMPILER_GLOBAL_ACCENT_COLOR_NAME = AccentColor;
				CODE_SIGN_STYLE = Automatic;
				CURRENT_PROJECT_VERSION = 1;
				DEVELOPMENT_TEAM = A67NH8S3S6;
				GENERATE_INFOPLIST_FILE = YES;
				INFOPLIST_FILE = speedGame_Kaiser/Info.plist;
				INFOPLIST_KEY_UIApplicationSupportsIndirectInputEvents = YES;
				INFOPLIST_KEY_UILaunchStoryboardName = LaunchScreen;
				INFOPLIST_KEY_UIMainStoryboardFile = Main;
				INFOPLIST_KEY_UISupportedInterfaceOrientations_iPad = "UIInterfaceOrientationPortrait UIInterfaceOrientationPortraitUpsideDown UIInterfaceOrientationLandscapeLeft UIInterfaceOrientationLandscapeRight";
				INFOPLIST_KEY_UISupportedInterfaceOrientations_iPhone = "UIInterfaceOrientationPortrait UIInterfaceOrientationLandscapeLeft UIInterfaceOrientationLandscapeRight";
				LD_RUNPATH_SEARCH_PATHS = (
					"$(inherited)",
					"@executable_path/Frameworks",
				);
				MARKETING_VERSION = 1.0;
				PRODUCT_BUNDLE_IDENTIFIER = "clc.speedGame-Kaiser";
				PRODUCT_NAME = "$(TARGET_NAME)";
				SWIFT_EMIT_LOC_STRINGS = YES;
				SWIFT_VERSION = 5.0;
				TARGETED_DEVICE_FAMILY = "1,2";
			};
			name = Release;
		};
		3B89B0452B20C6150000F939 /* Debug */ = {
			isa = XCBuildConfiguration;
			buildSettings = {
				ALWAYS_EMBED_SWIFT_STANDARD_LIBRARIES = YES;
				BUNDLE_LOADER = "$(TEST_HOST)";
				CODE_SIGN_STYLE = Automatic;
				CURRENT_PROJECT_VERSION = 1;
				DEVELOPMENT_TEAM = A67NH8S3S6;
				GENERATE_INFOPLIST_FILE = YES;
				IPHONEOS_DEPLOYMENT_TARGET = 16.4;
				MARKETING_VERSION = 1.0;
				PRODUCT_BUNDLE_IDENTIFIER = "clc.speedGame-KaiserTests";
				PRODUCT_NAME = "$(TARGET_NAME)";
				SWIFT_EMIT_LOC_STRINGS = NO;
				SWIFT_VERSION = 5.0;
				TARGETED_DEVICE_FAMILY = "1,2";
				TEST_HOST = "$(BUILT_PRODUCTS_DIR)/speedGame_Kaiser.app/$(BUNDLE_EXECUTABLE_FOLDER_PATH)/speedGame_Kaiser";
			};
			name = Debug;
		};
		3B89B0462B20C6150000F939 /* Release */ = {
			isa = XCBuildConfiguration;
			buildSettings = {
				ALWAYS_EMBED_SWIFT_STANDARD_LIBRARIES = YES;
				BUNDLE_LOADER = "$(TEST_HOST)";
				CODE_SIGN_STYLE = Automatic;
				CURRENT_PROJECT_VERSION = 1;
				DEVELOPMENT_TEAM = A67NH8S3S6;
				GENERATE_INFOPLIST_FILE = YES;
				IPHONEOS_DEPLOYMENT_TARGET = 16.4;
				MARKETING_VERSION = 1.0;
				PRODUCT_BUNDLE_IDENTIFIER = "clc.speedGame-KaiserTests";
				PRODUCT_NAME = "$(TARGET_NAME)";
				SWIFT_EMIT_LOC_STRINGS = NO;
				SWIFT_VERSION = 5.0;
				TARGETED_DEVICE_FAMILY = "1,2";
				TEST_HOST = "$(BUILT_PRODUCTS_DIR)/speedGame_Kaiser.app/$(BUNDLE_EXECUTABLE_FOLDER_PATH)/speedGame_Kaiser";
			};
			name = Release;
		};
		3B89B0482B20C6150000F939 /* Debug */ = {
			isa = XCBuildConfiguration;
			buildSettings = {
				ALWAYS_EMBED_SWIFT_STANDARD_LIBRARIES = YES;
				CODE_SIGN_STYLE = Automatic;
				CURRENT_PROJECT_VERSION = 1;
				DEVELOPMENT_TEAM = A67NH8S3S6;
				GENERATE_INFOPLIST_FILE = YES;
				MARKETING_VERSION = 1.0;
				PRODUCT_BUNDLE_IDENTIFIER = "clc.speedGame-KaiserUITests";
				PRODUCT_NAME = "$(TARGET_NAME)";
				SWIFT_EMIT_LOC_STRINGS = NO;
				SWIFT_VERSION = 5.0;
				TARGETED_DEVICE_FAMILY = "1,2";
				TEST_TARGET_NAME = speedGame_Kaiser;
			};
			name = Debug;
		};
		3B89B0492B20C6150000F939 /* Release */ = {
			isa = XCBuildConfiguration;
			buildSettings = {
				ALWAYS_EMBED_SWIFT_STANDARD_LIBRARIES = YES;
				CODE_SIGN_STYLE = Automatic;
				CURRENT_PROJECT_VERSION = 1;
				DEVELOPMENT_TEAM = A67NH8S3S6;
				GENERATE_INFOPLIST_FILE = YES;
				MARKETING_VERSION = 1.0;
				PRODUCT_BUNDLE_IDENTIFIER = "clc.speedGame-KaiserUITests";
				PRODUCT_NAME = "$(TARGET_NAME)";
				SWIFT_EMIT_LOC_STRINGS = NO;
				SWIFT_VERSION = 5.0;
				TARGETED_DEVICE_FAMILY = "1,2";
				TEST_TARGET_NAME = speedGame_Kaiser;
			};
			name = Release;
		};
/* End XCBuildConfiguration section */

/* Begin XCConfigurationList section */
		3B89B00F2B20C6140000F939 /* Build configuration list for PBXProject "speedGame_Kaiser" */ = {
			isa = XCConfigurationList;
			buildConfigurations = (
				3B89B03F2B20C6150000F939 /* Debug */,
				3B89B0402B20C6150000F939 /* Release */,
			);
			defaultConfigurationIsVisible = 0;
			defaultConfigurationName = Release;
		};
		3B89B0412B20C6150000F939 /* Build configuration list for PBXNativeTarget "speedGame_Kaiser" */ = {
			isa = XCConfigurationList;
			buildConfigurations = (
				3B89B0422B20C6150000F939 /* Debug */,
				3B89B0432B20C6150000F939 /* Release */,
			);
			defaultConfigurationIsVisible = 0;
			defaultConfigurationName = Release;
		};
		3B89B0442B20C6150000F939 /* Build configuration list for PBXNativeTarget "speedGame_KaiserTests" */ = {
			isa = XCConfigurationList;
			buildConfigurations = (
				3B89B0452B20C6150000F939 /* Debug */,
				3B89B0462B20C6150000F939 /* Release */,
			);
			defaultConfigurationIsVisible = 0;
			defaultConfigurationName = Release;
		};
		3B89B0472B20C6150000F939 /* Build configuration list for PBXNativeTarget "speedGame_KaiserUITests" */ = {
			isa = XCConfigurationList;
			buildConfigurations = (
				3B89B0482B20C6150000F939 /* Debug */,
				3B89B0492B20C6150000F939 /* Release */,
			);
			defaultConfigurationIsVisible = 0;
			defaultConfigurationName = Release;
		};
/* End XCConfigurationList section */

/* Begin XCVersionGroup section */
		3B89B0202B20C6140000F939 /* speedGame_Kaiser.xcdatamodeld */ = {
			isa = XCVersionGroup;
			children = (
				3B89B0212B20C6140000F939 /* speedGame_Kaiser.xcdatamodel */,
			);
			currentVersion = 3B89B0212B20C6140000F939 /* speedGame_Kaiser.xcdatamodel */;
			path = speedGame_Kaiser.xcdatamodeld;
			sourceTree = "<group>";
			versionGroupType = wrapper.xcdatamodel;
		};
/* End XCVersionGroup section */
	};
	rootObject = 3B89B00C2B20C6140000F939 /* Project object */;
}
